
Microsoft Visual Studio Solution File, Format Version 12.00
# Visual Studio Version 17
VisualStudioVersion = 17.3.32901.215
MinimumVisualStudioVersion = 10.0.40219.1
Project("{FAE04EC0-301F-11D3-BF4B-00C04F79EFBC}") = "Зачет. Задача 7", "Зачет. Задача 7\Зачет. Задача 7.csproj", "{6628E9CA-4429-4F12-A92D-71DBB0F37F7D}"
EndProject
Global
	GlobalSection(SolutionConfigurationPlatforms) = preSolution
		Debug|Any CPU = Debug|Any CPU
		Release|Any CPU = Release|Any CPU
	EndGlobalSection
	GlobalSection(ProjectConfigurationPlatforms) = postSolution
		{6628E9CA-4429-4F12-A92D-71DBB0F37F7D}.Debug|Any CPU.ActiveCfg = Debug|Any CPU
		{6628E9CA-4429-4F12-A92D-71DBB0F37F7D}.Debug|Any CPU.Build.0 = Debug|Any CPU
		{6628E9CA-4429-4F12-A92D-71DBB0F37F7D}.Release|Any CPU.ActiveCfg = Release|Any CPU
		{6628E9CA-4429-4F12-A92D-71DBB0F37F7D}.Release|Any CPU.Build.0 = Release|Any CPU
	EndGlobalSection
	GlobalSection(SolutionProperties) = preSolution
		HideSolutionNode = FALSE
	EndGlobalSection
	GlobalSection(ExtensibilityGlobals) = postSolution
		SolutionGuid = {6DB875FB-1CD7-40DA-8AC0-5BE0099F131E}
	EndGlobalSection
EndGlobal
